
Microsoft Visual Studio Solution File, Format Version 12.00
# Visual Studio Version 17
VisualStudioVersion = 17.5.2.0
MinimumVisualStudioVersion = 10.0.40219.1
Project("{FAE04EC0-301F-11D3-BF4B-00C04F79EFBC}") = "LotteryApp", "LotteryApp\LotteryApp.csproj", "{ABA9ED26-7060-4AFB-9635-5F1C78B8CF2E}"
EndProject
Project("{FAE04EC0-301F-11D3-BF4B-00C04F79EFBC}") = "LotteryApp.Tests", "LotteryApp.Tests\LotteryApp.Tests.csproj", "{B6D2ABCC-14B0-4F1C-9372-C1F207929034}"
EndProject
Global
	GlobalSection(SolutionConfigurationPlatforms) = preSolution
		Debug|Any CPU = Debug|Any CPU
		Debug|x64 = Debug|x64
		Debug|x86 = Debug|x86
		Release|Any CPU = Release|Any CPU
		Release|x64 = Release|x64
		Release|x86 = Release|x86
	EndGlobalSection
	GlobalSection(ProjectConfigurationPlatforms) = postSolution
		{ABA9ED26-7060-4AFB-9635-5F1C78B8CF2E}.Debug|Any CPU.ActiveCfg = Debug|Any CPU
		{ABA9ED26-7060-4AFB-9635-5F1C78B8CF2E}.Debug|Any CPU.Build.0 = Debug|Any CPU
		{ABA9ED26-7060-4AFB-9635-5F1C78B8CF2E}.Debug|x64.ActiveCfg = Debug|Any CPU
		{ABA9ED26-7060-4AFB-9635-5F1C78B8CF2E}.Debug|x64.Build.0 = Debug|Any CPU
		{ABA9ED26-7060-4AFB-9635-5F1C78B8CF2E}.Debug|x86.ActiveCfg = Debug|Any CPU
		{ABA9ED26-7060-4AFB-9635-5F1C78B8CF2E}.Debug|x86.Build.0 = Debug|Any CPU
		{ABA9ED26-7060-4AFB-9635-5F1C78B8CF2E}.Release|Any CPU.ActiveCfg = Release|Any CPU
		{ABA9ED26-7060-4AFB-9635-5F1C78B8CF2E}.Release|Any CPU.Build.0 = Release|Any CPU
		{ABA9ED26-7060-4AFB-9635-5F1C78B8CF2E}.Release|x64.ActiveCfg = Release|Any CPU
		{ABA9ED26-7060-4AFB-9635-5F1C78B8CF2E}.Release|x64.Build.0 = Release|Any CPU
		{ABA9ED26-7060-4AFB-9635-5F1C78B8CF2E}.Release|x86.ActiveCfg = Release|Any CPU
		{ABA9ED26-7060-4AFB-9635-5F1C78B8CF2E}.Release|x86.Build.0 = Release|Any CPU
		{B6D2ABCC-14B0-4F1C-9372-C1F207929034}.Debug|Any CPU.ActiveCfg = Debug|Any CPU
		{B6D2ABCC-14B0-4F1C-9372-C1F207929034}.Debug|Any CPU.Build.0 = Debug|Any CPU
		{B6D2ABCC-14B0-4F1C-9372-C1F207929034}.Debug|x64.ActiveCfg = Debug|Any CPU
		{B6D2ABCC-14B0-4F1C-9372-C1F207929034}.Debug|x64.Build.0 = Debug|Any CPU
		{B6D2ABCC-14B0-4F1C-9372-C1F207929034}.Debug|x86.ActiveCfg = Debug|Any CPU
		{B6D2ABCC-14B0-4F1C-9372-C1F207929034}.Debug|x86.Build.0 = Debug|Any CPU
		{B6D2ABCC-14B0-4F1C-9372-C1F207929034}.Release|Any CPU.ActiveCfg = Release|Any CPU
		{B6D2ABCC-14B0-4F1C-9372-C1F207929034}.Release|Any CPU.Build.0 = Release|Any CPU
		{B6D2ABCC-14B0-4F1C-9372-C1F207929034}.Release|x64.ActiveCfg = Release|Any CPU
		{B6D2ABCC-14B0-4F1C-9372-C1F207929034}.Release|x64.Build.0 = Release|Any CPU
		{B6D2ABCC-14B0-4F1C-9372-C1F207929034}.Release|x86.ActiveCfg = Release|Any CPU
		{B6D2ABCC-14B0-4F1C-9372-C1F207929034}.Release|x86.Build.0 = Release|Any CPU
	EndGlobalSection
	GlobalSection(SolutionProperties) = preSolution
		HideSolutionNode = FALSE
	EndGlobalSection
	GlobalSection(ExtensibilityGlobals) = postSolution
		SolutionGuid = {5217731B-F755-4D31-8AEE-1B693D3FB8AB}
	EndGlobalSection
EndGlobal
